
Microsoft Visual Studio Solution File, Format Version 12.00
# Visual Studio 15
VisualStudioVersion = 15.0.28010.2050
MinimumVisualStudioVersion = 10.0.40219.1
Project("{9A19103F-16F7-4668-BE54-9A1E7A4F7556}") = "UnitTest.Common.JSON", "UnitTest.Common.JSON\UnitTest.Common.JSON.csproj", "{645E11CB-3845-48CD-AE3D-9F6FFEB45156}"
EndProject
Project("{FAE04EC0-301F-11D3-BF4B-00C04F79EFBC}") = "Common.JSON", "Common.JSON\Common.JSON.csproj", "{EF7B4F31-17B9-40FF-8334-196056BAB2D2}"
EndProject
Global
	GlobalSection(SolutionConfigurationPlatforms) = preSolution
		Debug|Any CPU = Debug|Any CPU
		Release|Any CPU = Release|Any CPU
	EndGlobalSection
	GlobalSection(ProjectConfigurationPlatforms) = postSolution
		{645E11CB-3845-48CD-AE3D-9F6FFEB45156}.Debug|Any CPU.ActiveCfg = Debug|Any CPU
		{645E11CB-3845-48CD-AE3D-9F6FFEB45156}.Debug|Any CPU.Build.0 = Debug|Any CPU
		{645E11CB-3845-48CD-AE3D-9F6FFEB45156}.Release|Any CPU.ActiveCfg = Release|Any CPU
		{645E11CB-3845-48CD-AE3D-9F6FFEB45156}.Release|Any CPU.Build.0 = Release|Any CPU
		{EF7B4F31-17B9-40FF-8334-196056BAB2D2}.Debug|Any CPU.ActiveCfg = Debug|Any CPU
		{EF7B4F31-17B9-40FF-8334-196056BAB2D2}.Debug|Any CPU.Build.0 = Debug|Any CPU
		{EF7B4F31-17B9-40FF-8334-196056BAB2D2}.Release|Any CPU.ActiveCfg = Release|Any CPU
		{EF7B4F31-17B9-40FF-8334-196056BAB2D2}.Release|Any CPU.Build.0 = Release|Any CPU
	EndGlobalSection
	GlobalSection(SolutionProperties) = preSolution
		HideSolutionNode = FALSE
	EndGlobalSection
	GlobalSection(ExtensibilityGlobals) = postSolution
		SolutionGuid = {A37FDA99-7E6D-4719-9887-1677BBAA3F19}
	EndGlobalSection
EndGlobal
